
Microsoft Visual Studio Solution File, Format Version 12.00
# Visual Studio Version 17
VisualStudioVersion = 17.13.35919.96 d17.13
MinimumVisualStudioVersion = 10.0.40219.1
Project("{FAE04EC0-301F-11D3-BF4B-00C04F79EFBC}") = "RRAPIREST", "RRAPIREST\RRAPIREST.csproj", "{500EEA63-2D04-47D8-A464-F6CDA8D01EC1}"
EndProject
Global
	GlobalSection(SolutionConfigurationPlatforms) = preSolution
		Debug|Any CPU = Debug|Any CPU
		Release|Any CPU = Release|Any CPU
	EndGlobalSection
	GlobalSection(ProjectConfigurationPlatforms) = postSolution
		{500EEA63-2D04-47D8-A464-F6CDA8D01EC1}.Debug|Any CPU.ActiveCfg = Debug|Any CPU
		{500EEA63-2D04-47D8-A464-F6CDA8D01EC1}.Debug|Any CPU.Build.0 = Debug|Any CPU
		{500EEA63-2D04-47D8-A464-F6CDA8D01EC1}.Release|Any CPU.ActiveCfg = Release|Any CPU
		{500EEA63-2D04-47D8-A464-F6CDA8D01EC1}.Release|Any CPU.Build.0 = Release|Any CPU
	EndGlobalSection
	GlobalSection(SolutionProperties) = preSolution
		HideSolutionNode = FALSE
	EndGlobalSection
	GlobalSection(ExtensibilityGlobals) = postSolution
		SolutionGuid = {779504B0-4F1D-4CAD-95D1-47310570CD44}
	EndGlobalSection
EndGlobal
